
Microsoft Visual Studio Solution File, Format Version 12.00
# Visual Studio 15
VisualStudioVersion = 15.0.28307.329
MinimumVisualStudioVersion = 10.0.40219.1
Project("{FAE04EC0-301F-11D3-BF4B-00C04F79EFBC}") = "Neos.IdentityServer.MultiFactor.Administration", "Neos.IdentityServer.Common.Admin\Neos.IdentityServer.MultiFactor.Administration.csproj", "{BB08DC85-4E6E-4220-A0FC-01BFB6C468F6}"
EndProject
Project("{FAE04EC0-301F-11D3-BF4B-00C04F79EFBC}") = "Neos.IdentityServer.Console", "Neos.IdentityServer.Console\Neos.IdentityServer.Console.csproj", "{602E2A57-36AF-4125-9A44-D893033339FF}"
	ProjectSection(ProjectDependencies) = postProject
		{C2740F84-46EF-449D-ABF2-8268C9A4CE02} = {C2740F84-46EF-449D-ABF2-8268C9A4CE02}
	EndProjectSection
EndProject
Project("{FAE04EC0-301F-11D3-BF4B-00C04F79EFBC}") = "Neos.IdentityServer.MultiFactor.Cmdlets", "Neos.IdentityServer.MultiFactor.Cmdlets\Neos.IdentityServer.MultiFactor.Cmdlets.csproj", "{0230474C-739A-4E0E-8460-53CCDEE5038E}"
EndProject
Project("{FAE04EC0-301F-11D3-BF4B-00C04F79EFBC}") = "Neos.IdentityServer.MultiFactor.Common", "Neos.IdentityServer.Common\Neos.IdentityServer.MultiFactor.Common.csproj", "{15B3E0D2-6217-493A-A690-158C497F5318}"
EndProject
Project("{FAE04EC0-301F-11D3-BF4B-00C04F79EFBC}") = "Neos.IdentityServer.MultiFactor", "Neos.IdentityServer.MultiFactor\Neos.IdentityServer.MultiFactor.csproj", "{9345809F-D53A-4527-B8DD-F815F5570FB3}"
EndProject
Project("{FAE04EC0-301F-11D3-BF4B-00C04F79EFBC}") = "Neos.IdentityServer.MultiFactor.QRCodeNet", "Neos.IdentityServer.QrCodeNet\Neos.IdentityServer.MultiFactor.QRCodeNet.csproj", "{AA3FD0C4-5577-4327-8486-AA4F5903DB9B}"
EndProject
Project("{FAE04EC0-301F-11D3-BF4B-00C04F79EFBC}") = "Neos.IdentityServer.MultiFactor.Notifications", "Neos.IdentityServer.MultiFactor.Notifications\Neos.IdentityServer.MultiFactor.Notifications.csproj", "{8A7BC531-D51B-4CD3-A904-3C96746CF847}"
EndProject
Project("{FAE04EC0-301F-11D3-BF4B-00C04F79EFBC}") = "Neos.IdentityServer.MultiFactor.NotificationHub", "Neos.IdentityServer.MultiFactor.NotificationHub\Neos.IdentityServer.MultiFactor.NotificationHub.csproj", "{CDC9E4D1-379C-42B4-A28D-C7F833306E60}"
EndProject
Project("{930C7802-8A8C-48F9-8165-68863BCCD9DD}") = "Neos.IdentityServer.MultiFactor.WixSetup", "Neos.IdentityServer.MultiFactor.WixSetup\Neos.IdentityServer.MultiFactor.WixSetup.wixproj", "{DAC67ED4-89FE-46CB-866D-C0CB52FC6115}"
EndProject
Project("{FAE04EC0-301F-11D3-BF4B-00C04F79EFBC}") = "Neos.IdentityServer.Deployment", "Neos.IdentityServer.Deployment\Neos.IdentityServer.Deployment.csproj", "{713C4D81-3780-4D5A-A691-878F48ECA43C}"
EndProject
Project("{8BC9CEB8-8B4A-11D0-8D11-00A0C91BC942}") = "Neos.IdentityServer.Console.NativeResources", "Neos.IdentityServer.Console.NativeResources\Win32Project1.vcxproj", "{C2740F84-46EF-449D-ABF2-8268C9A4CE02}"
EndProject
Project("{FAE04EC0-301F-11D3-BF4B-00C04F79EFBC}") = "Neos.IdentityServer.MultiFactor.Data", "Neos.IdentityServer.MutltiFactor.Data\Neos.IdentityServer.MultiFactor.Data.csproj", "{5BC496B8-5B91-4D5F-99AD-66F958BF2DE9}"
EndProject
Project("{FAE04EC0-301F-11D3-BF4B-00C04F79EFBC}") = "Neos.IdentityServer.MultiFactor.DataTypes", "Neos.IdentityServer.MultiFactor.DataTypes\Neos.IdentityServer.MultiFactor.DataTypes.csproj", "{9B735255-31A8-4FF5-A918-FC47D4A95F38}"
EndProject
Project("{FAE04EC0-301F-11D3-BF4B-00C04F79EFBC}") = "Neos.IdentityServer.MultiFactor.SAS.Azure", "Neos.IdentityServer.MultiFactor.SAS.Azure\Neos.IdentityServer.MultiFactor.SAS.Azure.csproj", "{E5F29A61-0E62-46AA-86B4-CB5587980490}"
EndProject
Project("{FAE04EC0-301F-11D3-BF4B-00C04F79EFBC}") = "Neos.IdentityServer.MultiFactor.Samples", "Neos.IdentityServer.Multifactor.Samples\Neos.IdentityServer.MultiFactor.Samples.csproj", "{C773C4C7-4B95-4836-B770-66E9DD3F42F3}"
EndProject
Project("{FAE04EC0-301F-11D3-BF4B-00C04F79EFBC}") = "Neos.IdentityServer.MultiFactor.WebAuthN.Core", "Neos.IdentityServer.MultiFactor.WebAuthN.Core\Neos.IdentityServer.MultiFactor.WebAuthN.Core.csproj", "{4FF1D08C-6886-4323-A82E-6F198ACAFEF0}"
EndProject
Project("{FAE04EC0-301F-11D3-BF4B-00C04F79EFBC}") = "Neos.IdentityServer.MultiFactor.WebAuthN.Common", "Neos.IdentityServer.MultiFactor.WebAuthN.Common\Neos.IdentityServer.MultiFactor.WebAuthN.Common.csproj", "{3BAC37F8-8CFB-4E07-B51E-2E652852655B}"
EndProject
Project("{FAE04EC0-301F-11D3-BF4B-00C04F79EFBC}") = "Neos.IdentityServer.MultiFactor.WebAuthN.Provider", "Neos.IdentityServer.MultiFactor.WebAuthN.Provider\Neos.IdentityServer.MultiFactor.WebAuthN.Provider.csproj", "{4D0C01BF-2FD7-43C0-8650-99EDECF4C939}"
EndProject
Project("{FAE04EC0-301F-11D3-BF4B-00C04F79EFBC}") = "Neos.IdentityServer.MultiFactor.ThreatDetection", "Neos.IdentityServer.Multifactor.ThreatDetection\Neos.IdentityServer.MultiFactor.ThreatDetection.csproj", "{F8269F12-AC2B-4BDB-BEC8-6036817376F4}"
EndProject
Global
	GlobalSection(SolutionConfigurationPlatforms) = preSolution
		Debug|Any CPU = Debug|Any CPU
		Debug|Mixed Platforms = Debug|Mixed Platforms
		Debug|Win32 = Debug|Win32
		Debug|x64 = Debug|x64
		Debug|x86 = Debug|x86
		Release|Any CPU = Release|Any CPU
		Release|Mixed Platforms = Release|Mixed Platforms
		Release|Win32 = Release|Win32
		Release|x64 = Release|x64
		Release|x86 = Release|x86
	EndGlobalSection
	GlobalSection(ProjectConfigurationPlatforms) = postSolution
		{BB08DC85-4E6E-4220-A0FC-01BFB6C468F6}.Debug|Any CPU.ActiveCfg = Debug|Any CPU
		{BB08DC85-4E6E-4220-A0FC-01BFB6C468F6}.Debug|Any CPU.Build.0 = Debug|Any CPU
		{BB08DC85-4E6E-4220-A0FC-01BFB6C468F6}.Debug|Mixed Platforms.ActiveCfg = Debug|Any CPU
		{BB08DC85-4E6E-4220-A0FC-01BFB6C468F6}.Debug|Mixed Platforms.Build.0 = Debug|Any CPU
		{BB08DC85-4E6E-4220-A0FC-01BFB6C468F6}.Debug|Win32.ActiveCfg = Debug|Any CPU
		{BB08DC85-4E6E-4220-A0FC-01BFB6C468F6}.Debug|x64.ActiveCfg = Debug|Any CPU
		{BB08DC85-4E6E-4220-A0FC-01BFB6C468F6}.Debug|x86.ActiveCfg = Debug|Any CPU
		{BB08DC85-4E6E-4220-A0FC-01BFB6C468F6}.Release|Any CPU.ActiveCfg = Release|Any CPU
		{BB08DC85-4E6E-4220-A0FC-01BFB6C468F6}.Release|Any CPU.Build.0 = Release|Any CPU
		{BB08DC85-4E6E-4220-A0FC-01BFB6C468F6}.Release|Mixed Platforms.ActiveCfg = Release|Any CPU
		{BB08DC85-4E6E-4220-A0FC-01BFB6C468F6}.Release|Mixed Platforms.Build.0 = Release|Any CPU
		{BB08DC85-4E6E-4220-A0FC-01BFB6C468F6}.Release|Win32.ActiveCfg = Release|Any CPU
		{BB08DC85-4E6E-4220-A0FC-01BFB6C468F6}.Release|x64.ActiveCfg = Release|Any CPU
		{BB08DC85-4E6E-4220-A0FC-01BFB6C468F6}.Release|x86.ActiveCfg = Release|Any CPU
		{602E2A57-36AF-4125-9A44-D893033339FF}.Debug|Any CPU.ActiveCfg = Debug|Any CPU
		{602E2A57-36AF-4125-9A44-D893033339FF}.Debug|Any CPU.Build.0 = Debug|Any CPU
		{602E2A57-36AF-4125-9A44-D893033339FF}.Debug|Mixed Platforms.ActiveCfg = Debug|Any CPU
		{602E2A57-36AF-4125-9A44-D893033339FF}.Debug|Mixed Platforms.Build.0 = Debug|Any CPU
		{602E2A57-36AF-4125-9A44-D893033339FF}.Debug|Win32.ActiveCfg = Debug|Any CPU
		{602E2A57-36AF-4125-9A44-D893033339FF}.Debug|x64.ActiveCfg = Debug|Any CPU
		{602E2A57-36AF-4125-9A44-D893033339FF}.Debug|x86.ActiveCfg = Debug|Any CPU
		{602E2A57-36AF-4125-9A44-D893033339FF}.Release|Any CPU.ActiveCfg = Release|Any CPU
		{602E2A57-36AF-4125-9A44-D893033339FF}.Release|Any CPU.Build.0 = Release|Any CPU
		{602E2A57-36AF-4125-9A44-D893033339FF}.Release|Mixed Platforms.ActiveCfg = Release|Any CPU
		{602E2A57-36AF-4125-9A44-D893033339FF}.Release|Mixed Platforms.Build.0 = Release|Any CPU
		{602E2A57-36AF-4125-9A44-D893033339FF}.Release|Win32.ActiveCfg = Release|Any CPU
		{602E2A57-36AF-4125-9A44-D893033339FF}.Release|x64.ActiveCfg = Release|Any CPU
		{602E2A57-36AF-4125-9A44-D893033339FF}.Release|x86.ActiveCfg = Release|Any CPU
		{0230474C-739A-4E0E-8460-53CCDEE5038E}.Debug|Any CPU.ActiveCfg = Debug|Any CPU
		{0230474C-739A-4E0E-8460-53CCDEE5038E}.Debug|Any CPU.Build.0 = Debug|Any CPU
		{0230474C-739A-4E0E-8460-53CCDEE5038E}.Debug|Mixed Platforms.ActiveCfg = Debug|Any CPU
		{0230474C-739A-4E0E-8460-53CCDEE5038E}.Debug|Mixed Platforms.Build.0 = Debug|Any CPU
		{0230474C-739A-4E0E-8460-53CCDEE5038E}.Debug|Win32.ActiveCfg = Debug|Any CPU
		{0230474C-739A-4E0E-8460-53CCDEE5038E}.Debug|x64.ActiveCfg = Debug|Any CPU
		{0230474C-739A-4E0E-8460-53CCDEE5038E}.Debug|x86.ActiveCfg = Debug|Any CPU
		{0230474C-739A-4E0E-8460-53CCDEE5038E}.Release|Any CPU.ActiveCfg = Release|Any CPU
		{0230474C-739A-4E0E-8460-53CCDEE5038E}.Release|Any CPU.Build.0 = Release|Any CPU
		{0230474C-739A-4E0E-8460-53CCDEE5038E}.Release|Mixed Platforms.ActiveCfg = Debug|Any CPU
		{0230474C-739A-4E0E-8460-53CCDEE5038E}.Release|Mixed Platforms.Build.0 = Debug|Any CPU
		{0230474C-739A-4E0E-8460-53CCDEE5038E}.Release|Win32.ActiveCfg = Release|Any CPU
		{0230474C-739A-4E0E-8460-53CCDEE5038E}.Release|x64.ActiveCfg = Release|Any CPU
		{0230474C-739A-4E0E-8460-53CCDEE5038E}.Release|x86.ActiveCfg = Release|Any CPU
		{15B3E0D2-6217-493A-A690-158C497F5318}.Debug|Any CPU.ActiveCfg = Debug|Any CPU
		{15B3E0D2-6217-493A-A690-158C497F5318}.Debug|Any CPU.Build.0 = Debug|Any CPU
		{15B3E0D2-6217-493A-A690-158C497F5318}.Debug|Mixed Platforms.ActiveCfg = Debug|Any CPU
		{15B3E0D2-6217-493A-A690-158C497F5318}.Debug|Mixed Platforms.Build.0 = Debug|Any CPU
		{15B3E0D2-6217-493A-A690-158C497F5318}.Debug|Win32.ActiveCfg = Debug|Any CPU
		{15B3E0D2-6217-493A-A690-158C497F5318}.Debug|x64.ActiveCfg = Debug|Any CPU
		{15B3E0D2-6217-493A-A690-158C497F5318}.Debug|x86.ActiveCfg = Debug|Any CPU
		{15B3E0D2-6217-493A-A690-158C497F5318}.Release|Any CPU.ActiveCfg = Release|Any CPU
		{15B3E0D2-6217-493A-A690-158C497F5318}.Release|Any CPU.Build.0 = Release|Any CPU
		{15B3E0D2-6217-493A-A690-158C497F5318}.Release|Mixed Platforms.ActiveCfg = Release|Any CPU
		{15B3E0D2-6217-493A-A690-158C497F5318}.Release|Mixed Platforms.Build.0 = Release|Any CPU
		{15B3E0D2-6217-493A-A690-158C497F5318}.Release|Win32.ActiveCfg = Release|Any CPU
		{15B3E0D2-6217-493A-A690-158C497F5318}.Release|x64.ActiveCfg = Release|Any CPU
		{15B3E0D2-6217-493A-A690-158C497F5318}.Release|x86.ActiveCfg = Release|Any CPU
		{9345809F-D53A-4527-B8DD-F815F5570FB3}.Debug|Any CPU.ActiveCfg = Debug|Any CPU
		{9345809F-D53A-4527-B8DD-F815F5570FB3}.Debug|Any CPU.Build.0 = Debug|Any CPU
		{9345809F-D53A-4527-B8DD-F815F5570FB3}.Debug|Mixed Platforms.ActiveCfg = Debug|Any CPU
		{9345809F-D53A-4527-B8DD-F815F5570FB3}.Debug|Mixed Platforms.Build.0 = Debug|Any CPU
		{9345809F-D53A-4527-B8DD-F815F5570FB3}.Debug|Win32.ActiveCfg = Debug|Any CPU
		{9345809F-D53A-4527-B8DD-F815F5570FB3}.Debug|x64.ActiveCfg = Debug|Any CPU
		{9345809F-D53A-4527-B8DD-F815F5570FB3}.Debug|x86.ActiveCfg = Debug|Any CPU
		{9345809F-D53A-4527-B8DD-F815F5570FB3}.Release|Any CPU.ActiveCfg = Release|Any CPU
		{9345809F-D53A-4527-B8DD-F815F5570FB3}.Release|Any CPU.Build.0 = Release|Any CPU
		{9345809F-D53A-4527-B8DD-F815F5570FB3}.Release|Mixed Platforms.ActiveCfg = Release|Any CPU
		{9345809F-D53A-4527-B8DD-F815F5570FB3}.Release|Mixed Platforms.Build.0 = Release|Any CPU
		{9345809F-D53A-4527-B8DD-F815F5570FB3}.Release|Win32.ActiveCfg = Release|Any CPU
		{9345809F-D53A-4527-B8DD-F815F5570FB3}.Release|x64.ActiveCfg = Release|Any CPU
		{9345809F-D53A-4527-B8DD-F815F5570FB3}.Release|x86.ActiveCfg = Release|Any CPU
		{AA3FD0C4-5577-4327-8486-AA4F5903DB9B}.Debug|Any CPU.ActiveCfg = Debug|Any CPU
		{AA3FD0C4-5577-4327-8486-AA4F5903DB9B}.Debug|Any CPU.Build.0 = Debug|Any CPU
		{AA3FD0C4-5577-4327-8486-AA4F5903DB9B}.Debug|Mixed Platforms.ActiveCfg = Debug|Any CPU
		{AA3FD0C4-5577-4327-8486-AA4F5903DB9B}.Debug|Mixed Platforms.Build.0 = Debug|Any CPU
		{AA3FD0C4-5577-4327-8486-AA4F5903DB9B}.Debug|Win32.ActiveCfg = Debug|Any CPU
		{AA3FD0C4-5577-4327-8486-AA4F5903DB9B}.Debug|x64.ActiveCfg = Debug|Any CPU
		{AA3FD0C4-5577-4327-8486-AA4F5903DB9B}.Debug|x86.ActiveCfg = Debug|Any CPU
		{AA3FD0C4-5577-4327-8486-AA4F5903DB9B}.Release|Any CPU.ActiveCfg = Release|Any CPU
		{AA3FD0C4-5577-4327-8486-AA4F5903DB9B}.Release|Any CPU.Build.0 = Release|Any CPU
		{AA3FD0C4-5577-4327-8486-AA4F5903DB9B}.Release|Mixed Platforms.ActiveCfg = Release|Any CPU
		{AA3FD0C4-5577-4327-8486-AA4F5903DB9B}.Release|Mixed Platforms.Build.0 = Release|Any CPU
		{AA3FD0C4-5577-4327-8486-AA4F5903DB9B}.Release|Win32.ActiveCfg = Release|Any CPU
		{AA3FD0C4-5577-4327-8486-AA4F5903DB9B}.Release|x64.ActiveCfg = Release|Any CPU
		{AA3FD0C4-5577-4327-8486-AA4F5903DB9B}.Release|x86.ActiveCfg = Release|Any CPU
		{8A7BC531-D51B-4CD3-A904-3C96746CF847}.Debug|Any CPU.ActiveCfg = Debug|Any CPU
		{8A7BC531-D51B-4CD3-A904-3C96746CF847}.Debug|Any CPU.Build.0 = Debug|Any CPU
		{8A7BC531-D51B-4CD3-A904-3C96746CF847}.Debug|Mixed Platforms.ActiveCfg = Debug|Any CPU
		{8A7BC531-D51B-4CD3-A904-3C96746CF847}.Debug|Mixed Platforms.Build.0 = Debug|Any CPU
		{8A7BC531-D51B-4CD3-A904-3C96746CF847}.Debug|Win32.ActiveCfg = Debug|Any CPU
		{8A7BC531-D51B-4CD3-A904-3C96746CF847}.Debug|x64.ActiveCfg = Debug|Any CPU
		{8A7BC531-D51B-4CD3-A904-3C96746CF847}.Debug|x86.ActiveCfg = Debug|Any CPU
		{8A7BC531-D51B-4CD3-A904-3C96746CF847}.Release|Any CPU.ActiveCfg = Release|Any CPU
		{8A7BC531-D51B-4CD3-A904-3C96746CF847}.Release|Any CPU.Build.0 = Release|Any CPU
		{8A7BC531-D51B-4CD3-A904-3C96746CF847}.Release|Mixed Platforms.ActiveCfg = Release|Any CPU
		{8A7BC531-D51B-4CD3-A904-3C96746CF847}.Release|Mixed Platforms.Build.0 = Release|Any CPU
		{8A7BC531-D51B-4CD3-A904-3C96746CF847}.Release|Win32.ActiveCfg = Release|Any CPU
		{8A7BC531-D51B-4CD3-A904-3C96746CF847}.Release|x64.ActiveCfg = Release|Any CPU
		{8A7BC531-D51B-4CD3-A904-3C96746CF847}.Release|x86.ActiveCfg = Release|Any CPU
		{CDC9E4D1-379C-42B4-A28D-C7F833306E60}.Debug|Any CPU.ActiveCfg = Debug|Any CPU
		{CDC9E4D1-379C-42B4-A28D-C7F833306E60}.Debug|Any CPU.Build.0 = Debug|Any CPU
		{CDC9E4D1-379C-42B4-A28D-C7F833306E60}.Debug|Mixed Platforms.ActiveCfg = Debug|Any CPU
		{CDC9E4D1-379C-42B4-A28D-C7F833306E60}.Debug|Mixed Platforms.Build.0 = Debug|Any CPU
		{CDC9E4D1-379C-42B4-A28D-C7F833306E60}.Debug|Win32.ActiveCfg = Debug|Any CPU
		{CDC9E4D1-379C-42B4-A28D-C7F833306E60}.Debug|x64.ActiveCfg = Debug|Any CPU
		{CDC9E4D1-379C-42B4-A28D-C7F833306E60}.Debug|x86.ActiveCfg = Debug|Any CPU
		{CDC9E4D1-379C-42B4-A28D-C7F833306E60}.Release|Any CPU.ActiveCfg = Release|Any CPU
		{CDC9E4D1-379C-42B4-A28D-C7F833306E60}.Release|Any CPU.Build.0 = Release|Any CPU
		{CDC9E4D1-379C-42B4-A28D-C7F833306E60}.Release|Mixed Platforms.ActiveCfg = Release|Any CPU
		{CDC9E4D1-379C-42B4-A28D-C7F833306E60}.Release|Mixed Platforms.Build.0 = Release|Any CPU
		{CDC9E4D1-379C-42B4-A28D-C7F833306E60}.Release|Win32.ActiveCfg = Release|Any CPU
		{CDC9E4D1-379C-42B4-A28D-C7F833306E60}.Release|x64.ActiveCfg = Release|Any CPU
		{CDC9E4D1-379C-42B4-A28D-C7F833306E60}.Release|x86.ActiveCfg = Release|Any CPU
		{DAC67ED4-89FE-46CB-866D-C0CB52FC6115}.Debug|Any CPU.ActiveCfg = Debug|x86
		{DAC67ED4-89FE-46CB-866D-C0CB52FC6115}.Debug|Any CPU.Build.0 = Debug|x86
		{DAC67ED4-89FE-46CB-866D-C0CB52FC6115}.Debug|Mixed Platforms.ActiveCfg = Debug|x64
		{DAC67ED4-89FE-46CB-866D-C0CB52FC6115}.Debug|Mixed Platforms.Build.0 = Debug|x64
		{DAC67ED4-89FE-46CB-866D-C0CB52FC6115}.Debug|Win32.ActiveCfg = Debug|x86
		{DAC67ED4-89FE-46CB-866D-C0CB52FC6115}.Debug|Win32.Build.0 = Debug|x86
		{DAC67ED4-89FE-46CB-866D-C0CB52FC6115}.Debug|x64.ActiveCfg = Debug|x86
		{DAC67ED4-89FE-46CB-866D-C0CB52FC6115}.Debug|x86.ActiveCfg = Debug|x86
		{DAC67ED4-89FE-46CB-866D-C0CB52FC6115}.Debug|x86.Build.0 = Debug|x86
		{DAC67ED4-89FE-46CB-866D-C0CB52FC6115}.Release|Any CPU.ActiveCfg = Release|x64
		{DAC67ED4-89FE-46CB-866D-C0CB52FC6115}.Release|Any CPU.Build.0 = Release|x64
		{DAC67ED4-89FE-46CB-866D-C0CB52FC6115}.Release|Mixed Platforms.ActiveCfg = Debug|x86
		{DAC67ED4-89FE-46CB-866D-C0CB52FC6115}.Release|Mixed Platforms.Build.0 = Debug|x86
		{DAC67ED4-89FE-46CB-866D-C0CB52FC6115}.Release|Win32.ActiveCfg = Release|x86
		{DAC67ED4-89FE-46CB-866D-C0CB52FC6115}.Release|Win32.Build.0 = Release|x86
		{DAC67ED4-89FE-46CB-866D-C0CB52FC6115}.Release|x64.ActiveCfg = Release|x86
		{DAC67ED4-89FE-46CB-866D-C0CB52FC6115}.Release|x86.ActiveCfg = Release|x86
		{DAC67ED4-89FE-46CB-866D-C0CB52FC6115}.Release|x86.Build.0 = Release|x86
		{713C4D81-3780-4D5A-A691-878F48ECA43C}.Debug|Any CPU.ActiveCfg = Debug|Any CPU
		{713C4D81-3780-4D5A-A691-878F48ECA43C}.Debug|Any CPU.Build.0 = Debug|Any CPU
		{713C4D81-3780-4D5A-A691-878F48ECA43C}.Debug|Mixed Platforms.ActiveCfg = Debug|Any CPU
		{713C4D81-3780-4D5A-A691-878F48ECA43C}.Debug|Mixed Platforms.Build.0 = Debug|Any CPU
		{713C4D81-3780-4D5A-A691-878F48ECA43C}.Debug|Win32.ActiveCfg = Debug|x86
		{713C4D81-3780-4D5A-A691-878F48ECA43C}.Debug|Win32.Build.0 = Debug|x86
		{713C4D81-3780-4D5A-A691-878F48ECA43C}.Debug|x64.ActiveCfg = Debug|x86
		{713C4D81-3780-4D5A-A691-878F48ECA43C}.Debug|x86.ActiveCfg = Debug|x86
		{713C4D81-3780-4D5A-A691-878F48ECA43C}.Debug|x86.Build.0 = Debug|x86
		{713C4D81-3780-4D5A-A691-878F48ECA43C}.Release|Any CPU.ActiveCfg = Release|Any CPU
		{713C4D81-3780-4D5A-A691-878F48ECA43C}.Release|Any CPU.Build.0 = Release|Any CPU
		{713C4D81-3780-4D5A-A691-878F48ECA43C}.Release|Mixed Platforms.ActiveCfg = Release|x86
		{713C4D81-3780-4D5A-A691-878F48ECA43C}.Release|Mixed Platforms.Build.0 = Release|x86
		{713C4D81-3780-4D5A-A691-878F48ECA43C}.Release|Win32.ActiveCfg = Release|x86
		{713C4D81-3780-4D5A-A691-878F48ECA43C}.Release|Win32.Build.0 = Release|x86
		{713C4D81-3780-4D5A-A691-878F48ECA43C}.Release|x64.ActiveCfg = Release|x86
		{713C4D81-3780-4D5A-A691-878F48ECA43C}.Release|x86.ActiveCfg = Release|x86
		{713C4D81-3780-4D5A-A691-878F48ECA43C}.Release|x86.Build.0 = Release|x86
		{C2740F84-46EF-449D-ABF2-8268C9A4CE02}.Debug|Any CPU.ActiveCfg = Debug|Win32
		{C2740F84-46EF-449D-ABF2-8268C9A4CE02}.Debug|Any CPU.Build.0 = Debug|Win32
		{C2740F84-46EF-449D-ABF2-8268C9A4CE02}.Debug|Mixed Platforms.ActiveCfg = Debug|Win32
		{C2740F84-46EF-449D-ABF2-8268C9A4CE02}.Debug|Mixed Platforms.Build.0 = Debug|Win32
		{C2740F84-46EF-449D-ABF2-8268C9A4CE02}.Debug|Win32.ActiveCfg = Debug|Win32
		{C2740F84-46EF-449D-ABF2-8268C9A4CE02}.Debug|Win32.Build.0 = Debug|Win32
		{C2740F84-46EF-449D-ABF2-8268C9A4CE02}.Debug|x64.ActiveCfg = Debug|Win32
		{C2740F84-46EF-449D-ABF2-8268C9A4CE02}.Debug|x86.ActiveCfg = Debug|Win32
		{C2740F84-46EF-449D-ABF2-8268C9A4CE02}.Debug|x86.Build.0 = Debug|Win32
		{C2740F84-46EF-449D-ABF2-8268C9A4CE02}.Release|Any CPU.ActiveCfg = Release|Win32
		{C2740F84-46EF-449D-ABF2-8268C9A4CE02}.Release|Any CPU.Build.0 = Release|Win32
		{C2740F84-46EF-449D-ABF2-8268C9A4CE02}.Release|Mixed Platforms.ActiveCfg = Debug|Win32
		{C2740F84-46EF-449D-ABF2-8268C9A4CE02}.Release|Mixed Platforms.Build.0 = Debug|Win32
		{C2740F84-46EF-449D-ABF2-8268C9A4CE02}.Release|Win32.ActiveCfg = Release|Win32
		{C2740F84-46EF-449D-ABF2-8268C9A4CE02}.Release|Win32.Build.0 = Release|Win32
		{C2740F84-46EF-449D-ABF2-8268C9A4CE02}.Release|x64.ActiveCfg = Release|Win32
		{C2740F84-46EF-449D-ABF2-8268C9A4CE02}.Release|x86.ActiveCfg = Release|Win32
		{C2740F84-46EF-449D-ABF2-8268C9A4CE02}.Release|x86.Build.0 = Release|Win32
		{5BC496B8-5B91-4D5F-99AD-66F958BF2DE9}.Debug|Any CPU.ActiveCfg = Debug|Any CPU
		{5BC496B8-5B91-4D5F-99AD-66F958BF2DE9}.Debug|Any CPU.Build.0 = Debug|Any CPU
		{5BC496B8-5B91-4D5F-99AD-66F958BF2DE9}.Debug|Mixed Platforms.ActiveCfg = Debug|Any CPU
		{5BC496B8-5B91-4D5F-99AD-66F958BF2DE9}.Debug|Mixed Platforms.Build.0 = Debug|Any CPU
		{5BC496B8-5B91-4D5F-99AD-66F958BF2DE9}.Debug|Win32.ActiveCfg = Debug|Any CPU
		{5BC496B8-5B91-4D5F-99AD-66F958BF2DE9}.Debug|x64.ActiveCfg = Debug|Any CPU
		{5BC496B8-5B91-4D5F-99AD-66F958BF2DE9}.Debug|x86.ActiveCfg = Debug|Any CPU
		{5BC496B8-5B91-4D5F-99AD-66F958BF2DE9}.Release|Any CPU.ActiveCfg = Release|Any CPU
		{5BC496B8-5B91-4D5F-99AD-66F958BF2DE9}.Release|Any CPU.Build.0 = Release|Any CPU
		{5BC496B8-5B91-4D5F-99AD-66F958BF2DE9}.Release|Mixed Platforms.ActiveCfg = Release|Any CPU
		{5BC496B8-5B91-4D5F-99AD-66F958BF2DE9}.Release|Mixed Platforms.Build.0 = Release|Any CPU
		{5BC496B8-5B91-4D5F-99AD-66F958BF2DE9}.Release|Win32.ActiveCfg = Release|Any CPU
		{5BC496B8-5B91-4D5F-99AD-66F958BF2DE9}.Release|x64.ActiveCfg = Release|Any CPU
		{5BC496B8-5B91-4D5F-99AD-66F958BF2DE9}.Release|x86.ActiveCfg = Release|Any CPU
		{9B735255-31A8-4FF5-A918-FC47D4A95F38}.Debug|Any CPU.ActiveCfg = Debug|Any CPU
		{9B735255-31A8-4FF5-A918-FC47D4A95F38}.Debug|Any CPU.Build.0 = Debug|Any CPU
		{9B735255-31A8-4FF5-A918-FC47D4A95F38}.Debug|Mixed Platforms.ActiveCfg = Debug|Any CPU
		{9B735255-31A8-4FF5-A918-FC47D4A95F38}.Debug|Mixed Platforms.Build.0 = Debug|Any CPU
		{9B735255-31A8-4FF5-A918-FC47D4A95F38}.Debug|Win32.ActiveCfg = Debug|Any CPU
		{9B735255-31A8-4FF5-A918-FC47D4A95F38}.Debug|x64.ActiveCfg = Debug|Any CPU
		{9B735255-31A8-4FF5-A918-FC47D4A95F38}.Debug|x86.ActiveCfg = Debug|Any CPU
		{9B735255-31A8-4FF5-A918-FC47D4A95F38}.Release|Any CPU.ActiveCfg = Release|Any CPU
		{9B735255-31A8-4FF5-A918-FC47D4A95F38}.Release|Any CPU.Build.0 = Release|Any CPU
		{9B735255-31A8-4FF5-A918-FC47D4A95F38}.Release|Mixed Platforms.ActiveCfg = Release|Any CPU
		{9B735255-31A8-4FF5-A918-FC47D4A95F38}.Release|Mixed Platforms.Build.0 = Release|Any CPU
		{9B735255-31A8-4FF5-A918-FC47D4A95F38}.Release|Win32.ActiveCfg = Release|Any CPU
		{9B735255-31A8-4FF5-A918-FC47D4A95F38}.Release|x64.ActiveCfg = Release|Any CPU
		{9B735255-31A8-4FF5-A918-FC47D4A95F38}.Release|x86.ActiveCfg = Release|Any CPU
		{E5F29A61-0E62-46AA-86B4-CB5587980490}.Debug|Any CPU.ActiveCfg = Debug|Any CPU
		{E5F29A61-0E62-46AA-86B4-CB5587980490}.Debug|Any CPU.Build.0 = Debug|Any CPU
		{E5F29A61-0E62-46AA-86B4-CB5587980490}.Debug|Mixed Platforms.ActiveCfg = Debug|Any CPU
		{E5F29A61-0E62-46AA-86B4-CB5587980490}.Debug|Mixed Platforms.Build.0 = Debug|Any CPU
		{E5F29A61-0E62-46AA-86B4-CB5587980490}.Debug|Win32.ActiveCfg = Debug|Any CPU
		{E5F29A61-0E62-46AA-86B4-CB5587980490}.Debug|x64.ActiveCfg = Debug|Any CPU
		{E5F29A61-0E62-46AA-86B4-CB5587980490}.Debug|x86.ActiveCfg = Debug|Any CPU
		{E5F29A61-0E62-46AA-86B4-CB5587980490}.Release|Any CPU.ActiveCfg = Release|Any CPU
		{E5F29A61-0E62-46AA-86B4-CB5587980490}.Release|Any CPU.Build.0 = Release|Any CPU
		{E5F29A61-0E62-46AA-86B4-CB5587980490}.Release|Mixed Platforms.ActiveCfg = Release|Any CPU
		{E5F29A61-0E62-46AA-86B4-CB5587980490}.Release|Mixed Platforms.Build.0 = Release|Any CPU
		{E5F29A61-0E62-46AA-86B4-CB5587980490}.Release|Win32.ActiveCfg = Release|Any CPU
		{E5F29A61-0E62-46AA-86B4-CB5587980490}.Release|x64.ActiveCfg = Release|Any CPU
		{E5F29A61-0E62-46AA-86B4-CB5587980490}.Release|x86.ActiveCfg = Release|Any CPU
		{C773C4C7-4B95-4836-B770-66E9DD3F42F3}.Debug|Any CPU.ActiveCfg = Debug|Any CPU
		{C773C4C7-4B95-4836-B770-66E9DD3F42F3}.Debug|Any CPU.Build.0 = Debug|Any CPU
		{C773C4C7-4B95-4836-B770-66E9DD3F42F3}.Debug|Mixed Platforms.ActiveCfg = Debug|Any CPU
		{C773C4C7-4B95-4836-B770-66E9DD3F42F3}.Debug|Mixed Platforms.Build.0 = Debug|Any CPU
		{C773C4C7-4B95-4836-B770-66E9DD3F42F3}.Debug|Win32.ActiveCfg = Debug|Any CPU
		{C773C4C7-4B95-4836-B770-66E9DD3F42F3}.Debug|x64.ActiveCfg = Debug|Any CPU
		{C773C4C7-4B95-4836-B770-66E9DD3F42F3}.Debug|x86.ActiveCfg = Debug|Any CPU
		{C773C4C7-4B95-4836-B770-66E9DD3F42F3}.Release|Any CPU.ActiveCfg = Release|Any CPU
		{C773C4C7-4B95-4836-B770-66E9DD3F42F3}.Release|Any CPU.Build.0 = Release|Any CPU
		{C773C4C7-4B95-4836-B770-66E9DD3F42F3}.Release|Mixed Platforms.ActiveCfg = Release|Any CPU
		{C773C4C7-4B95-4836-B770-66E9DD3F42F3}.Release|Mixed Platforms.Build.0 = Release|Any CPU
		{C773C4C7-4B95-4836-B770-66E9DD3F42F3}.Release|Win32.ActiveCfg = Release|Any CPU
		{C773C4C7-4B95-4836-B770-66E9DD3F42F3}.Release|x64.ActiveCfg = Release|Any CPU
		{C773C4C7-4B95-4836-B770-66E9DD3F42F3}.Release|x86.ActiveCfg = Release|Any CPU
		{4FF1D08C-6886-4323-A82E-6F198ACAFEF0}.Debug|Any CPU.ActiveCfg = Debug|Any CPU
		{4FF1D08C-6886-4323-A82E-6F198ACAFEF0}.Debug|Any CPU.Build.0 = Debug|Any CPU
		{4FF1D08C-6886-4323-A82E-6F198ACAFEF0}.Debug|Mixed Platforms.ActiveCfg = Debug|Any CPU
		{4FF1D08C-6886-4323-A82E-6F198ACAFEF0}.Debug|Mixed Platforms.Build.0 = Debug|Any CPU
		{4FF1D08C-6886-4323-A82E-6F198ACAFEF0}.Debug|Win32.ActiveCfg = Debug|Any CPU
		{4FF1D08C-6886-4323-A82E-6F198ACAFEF0}.Debug|Win32.Build.0 = Debug|Any CPU
		{4FF1D08C-6886-4323-A82E-6F198ACAFEF0}.Debug|x64.ActiveCfg = Debug|Any CPU
		{4FF1D08C-6886-4323-A82E-6F198ACAFEF0}.Debug|x64.Build.0 = Debug|Any CPU
		{4FF1D08C-6886-4323-A82E-6F198ACAFEF0}.Debug|x86.ActiveCfg = Debug|Any CPU
		{4FF1D08C-6886-4323-A82E-6F198ACAFEF0}.Debug|x86.Build.0 = Debug|Any CPU
		{4FF1D08C-6886-4323-A82E-6F198ACAFEF0}.Release|Any CPU.ActiveCfg = Release|Any CPU
		{4FF1D08C-6886-4323-A82E-6F198ACAFEF0}.Release|Any CPU.Build.0 = Release|Any CPU
		{4FF1D08C-6886-4323-A82E-6F198ACAFEF0}.Release|Mixed Platforms.ActiveCfg = Release|Any CPU
		{4FF1D08C-6886-4323-A82E-6F198ACAFEF0}.Release|Mixed Platforms.Build.0 = Release|Any CPU
		{4FF1D08C-6886-4323-A82E-6F198ACAFEF0}.Release|Win32.ActiveCfg = Release|Any CPU
		{4FF1D08C-6886-4323-A82E-6F198ACAFEF0}.Release|Win32.Build.0 = Release|Any CPU
		{4FF1D08C-6886-4323-A82E-6F198ACAFEF0}.Release|x64.ActiveCfg = Release|Any CPU
		{4FF1D08C-6886-4323-A82E-6F198ACAFEF0}.Release|x64.Build.0 = Release|Any CPU
		{4FF1D08C-6886-4323-A82E-6F198ACAFEF0}.Release|x86.ActiveCfg = Release|Any CPU
		{4FF1D08C-6886-4323-A82E-6F198ACAFEF0}.Release|x86.Build.0 = Release|Any CPU
		{3BAC37F8-8CFB-4E07-B51E-2E652852655B}.Debug|Any CPU.ActiveCfg = Debug|Any CPU
		{3BAC37F8-8CFB-4E07-B51E-2E652852655B}.Debug|Any CPU.Build.0 = Debug|Any CPU
		{3BAC37F8-8CFB-4E07-B51E-2E652852655B}.Debug|Mixed Platforms.ActiveCfg = Debug|Any CPU
		{3BAC37F8-8CFB-4E07-B51E-2E652852655B}.Debug|Mixed Platforms.Build.0 = Debug|Any CPU
		{3BAC37F8-8CFB-4E07-B51E-2E652852655B}.Debug|Win32.ActiveCfg = Debug|Any CPU
		{3BAC37F8-8CFB-4E07-B51E-2E652852655B}.Debug|Win32.Build.0 = Debug|Any CPU
		{3BAC37F8-8CFB-4E07-B51E-2E652852655B}.Debug|x64.ActiveCfg = Debug|Any CPU
		{3BAC37F8-8CFB-4E07-B51E-2E652852655B}.Debug|x64.Build.0 = Debug|Any CPU
		{3BAC37F8-8CFB-4E07-B51E-2E652852655B}.Debug|x86.ActiveCfg = Debug|Any CPU
		{3BAC37F8-8CFB-4E07-B51E-2E652852655B}.Debug|x86.Build.0 = Debug|Any CPU
		{3BAC37F8-8CFB-4E07-B51E-2E652852655B}.Release|Any CPU.ActiveCfg = Release|Any CPU
		{3BAC37F8-8CFB-4E07-B51E-2E652852655B}.Release|Any CPU.Build.0 = Release|Any CPU
		{3BAC37F8-8CFB-4E07-B51E-2E652852655B}.Release|Mixed Platforms.ActiveCfg = Release|Any CPU
		{3BAC37F8-8CFB-4E07-B51E-2E652852655B}.Release|Mixed Platforms.Build.0 = Release|Any CPU
		{3BAC37F8-8CFB-4E07-B51E-2E652852655B}.Release|Win32.ActiveCfg = Release|Any CPU
		{3BAC37F8-8CFB-4E07-B51E-2E652852655B}.Release|Win32.Build.0 = Release|Any CPU
		{3BAC37F8-8CFB-4E07-B51E-2E652852655B}.Release|x64.ActiveCfg = Release|Any CPU
		{3BAC37F8-8CFB-4E07-B51E-2E652852655B}.Release|x64.Build.0 = Release|Any CPU
		{3BAC37F8-8CFB-4E07-B51E-2E652852655B}.Release|x86.ActiveCfg = Release|Any CPU
		{3BAC37F8-8CFB-4E07-B51E-2E652852655B}.Release|x86.Build.0 = Release|Any CPU
		{4D0C01BF-2FD7-43C0-8650-99EDECF4C939}.Debug|Any CPU.ActiveCfg = Debug|Any CPU
		{4D0C01BF-2FD7-43C0-8650-99EDECF4C939}.Debug|Any CPU.Build.0 = Debug|Any CPU
		{4D0C01BF-2FD7-43C0-8650-99EDECF4C939}.Debug|Mixed Platforms.ActiveCfg = Debug|Any CPU
		{4D0C01BF-2FD7-43C0-8650-99EDECF4C939}.Debug|Mixed Platforms.Build.0 = Debug|Any CPU
		{4D0C01BF-2FD7-43C0-8650-99EDECF4C939}.Debug|Win32.ActiveCfg = Debug|Any CPU
		{4D0C01BF-2FD7-43C0-8650-99EDECF4C939}.Debug|Win32.Build.0 = Debug|Any CPU
		{4D0C01BF-2FD7-43C0-8650-99EDECF4C939}.Debug|x64.ActiveCfg = Debug|Any CPU
		{4D0C01BF-2FD7-43C0-8650-99EDECF4C939}.Debug|x64.Build.0 = Debug|Any CPU
		{4D0C01BF-2FD7-43C0-8650-99EDECF4C939}.Debug|x86.ActiveCfg = Debug|Any CPU
		{4D0C01BF-2FD7-43C0-8650-99EDECF4C939}.Debug|x86.Build.0 = Debug|Any CPU
		{4D0C01BF-2FD7-43C0-8650-99EDECF4C939}.Release|Any CPU.ActiveCfg = Release|Any CPU
		{4D0C01BF-2FD7-43C0-8650-99EDECF4C939}.Release|Any CPU.Build.0 = Release|Any CPU
		{4D0C01BF-2FD7-43C0-8650-99EDECF4C939}.Release|Mixed Platforms.ActiveCfg = Release|Any CPU
		{4D0C01BF-2FD7-43C0-8650-99EDECF4C939}.Release|Mixed Platforms.Build.0 = Release|Any CPU
		{4D0C01BF-2FD7-43C0-8650-99EDECF4C939}.Release|Win32.ActiveCfg = Release|Any CPU
		{4D0C01BF-2FD7-43C0-8650-99EDECF4C939}.Release|Win32.Build.0 = Release|Any CPU
		{4D0C01BF-2FD7-43C0-8650-99EDECF4C939}.Release|x64.ActiveCfg = Release|Any CPU
		{4D0C01BF-2FD7-43C0-8650-99EDECF4C939}.Release|x64.Build.0 = Release|Any CPU
		{4D0C01BF-2FD7-43C0-8650-99EDECF4C939}.Release|x86.ActiveCfg = Release|Any CPU
		{4D0C01BF-2FD7-43C0-8650-99EDECF4C939}.Release|x86.Build.0 = Release|Any CPU
		{F8269F12-AC2B-4BDB-BEC8-6036817376F4}.Debug|Any CPU.ActiveCfg = Debug|Any CPU
		{F8269F12-AC2B-4BDB-BEC8-6036817376F4}.Debug|Any CPU.Build.0 = Debug|Any CPU
		{F8269F12-AC2B-4BDB-BEC8-6036817376F4}.Debug|Mixed Platforms.ActiveCfg = Debug|Any CPU
		{F8269F12-AC2B-4BDB-BEC8-6036817376F4}.Debug|Mixed Platforms.Build.0 = Debug|Any CPU
		{F8269F12-AC2B-4BDB-BEC8-6036817376F4}.Debug|Win32.ActiveCfg = Debug|Any CPU
		{F8269F12-AC2B-4BDB-BEC8-6036817376F4}.Debug|Win32.Build.0 = Debug|Any CPU
		{F8269F12-AC2B-4BDB-BEC8-6036817376F4}.Debug|x64.ActiveCfg = Debug|Any CPU
		{F8269F12-AC2B-4BDB-BEC8-6036817376F4}.Debug|x64.Build.0 = Debug|Any CPU
		{F8269F12-AC2B-4BDB-BEC8-6036817376F4}.Debug|x86.ActiveCfg = Debug|Any CPU
		{F8269F12-AC2B-4BDB-BEC8-6036817376F4}.Debug|x86.Build.0 = Debug|Any CPU
		{F8269F12-AC2B-4BDB-BEC8-6036817376F4}.Release|Any CPU.ActiveCfg = Release|Any CPU
		{F8269F12-AC2B-4BDB-BEC8-6036817376F4}.Release|Any CPU.Build.0 = Release|Any CPU
		{F8269F12-AC2B-4BDB-BEC8-6036817376F4}.Release|Mixed Platforms.ActiveCfg = Release|Any CPU
		{F8269F12-AC2B-4BDB-BEC8-6036817376F4}.Release|Mixed Platforms.Build.0 = Release|Any CPU
		{F8269F12-AC2B-4BDB-BEC8-6036817376F4}.Release|Win32.ActiveCfg = Release|Any CPU
		{F8269F12-AC2B-4BDB-BEC8-6036817376F4}.Release|Win32.Build.0 = Release|Any CPU
		{F8269F12-AC2B-4BDB-BEC8-6036817376F4}.Release|x64.ActiveCfg = Release|Any CPU
		{F8269F12-AC2B-4BDB-BEC8-6036817376F4}.Release|x64.Build.0 = Release|Any CPU
		{F8269F12-AC2B-4BDB-BEC8-6036817376F4}.Release|x86.ActiveCfg = Release|Any CPU
		{F8269F12-AC2B-4BDB-BEC8-6036817376F4}.Release|x86.Build.0 = Release|Any CPU
	EndGlobalSection
	GlobalSection(SolutionProperties) = preSolution
		HideSolutionNode = FALSE
	EndGlobalSection
	GlobalSection(ExtensibilityGlobals) = postSolution
		RESX_Rules = {"EnabledRules":["StringFormat"]}
		RESX_AutoCreateNewLanguageFiles = True
		SolutionGuid = {0A227451-7DA8-4A2D-BED4-C2ED59370850}
	EndGlobalSection
EndGlobal
